// !$*UTF8*$!
{
	archiveVersion = 1;
	classes = {
	};
	objectVersion = 46;
	objects = {

/* Begin PBXBuildFile section */
		277B7D8F1C3B1BC10091759E /* AppDelegate.swift in Sources */ = {isa = PBXBuildFile; fileRef = 277B7D8E1C3B1BC10091759E /* AppDelegate.swift */; };
		277B7D911C3B1BC10091759E /* MasterViewController.swift in Sources */ = {isa = PBXBuildFile; fileRef = 277B7D901C3B1BC10091759E /* MasterViewController.swift */; };
		277B7D931C3B1BC10091759E /* DetailViewController.swift in Sources */ = {isa = PBXBuildFile; fileRef = 277B7D921C3B1BC10091759E /* DetailViewController.swift */; };
		277B7D961C3B1BC10091759E /* Main.storyboard in Resources */ = {isa = PBXBuildFile; fileRef = 277B7D941C3B1BC10091759E /* Main.storyboard */; };
		277B7D981C3B1BC10091759E /* Assets.xcassets in Resources */ = {isa = PBXBuildFile; fileRef = 277B7D971C3B1BC10091759E /* Assets.xcassets */; };
		277B7D9B1C3B1BC10091759E /* LaunchScreen.storyboard in Resources */ = {isa = PBXBuildFile; fileRef = 277B7D991C3B1BC10091759E /* LaunchScreen.storyboard */; };
/* End PBXBuildFile section */

/* Begin PBXFileReference section */
		277B7D8B1C3B1BC10091759E /* AllisonsCatPalaceSwift.app */ = {isa = PBXFileReference; explicitFileType = wrapper.application; includeInIndex = 0; path = AllisonsCatPalaceSwift.app; sourceTree = BUILT_PRODUCTS_DIR; };
		277B7D8E1C3B1BC10091759E /* AppDelegate.swift */ = {isa = PBXFileReference; lastKnownFileType = sourcecode.swift; path = AppDelegate.swift; sourceTree = "<group>"; };
		277B7D901C3B1BC10091759E /* MasterViewController.swift */ = {isa = PBXFileReference; lastKnownFileType = sourcecode.swift; path = MasterViewController.swift; sourceTree = "<group>"; };
		277B7D921C3B1BC10091759E /* DetailViewController.swift */ = {isa = PBXFileReference; lastKnownFileType = sourcecode.swift; path = DetailViewController.swift; sourceTree = "<group>"; };
		277B7D951C3B1BC10091759E /* Base */ = {isa = PBXFileReference; lastKnownFileType = file.storyboard; name = Base; path = Base.lproj/Main.storyboard; sourceTree = "<group>"; };
		277B7D971C3B1BC10091759E /* Assets.xcassets */ = {isa = PBXFileReference; lastKnownFileType = folder.assetcatalog; path = Assets.xcassets; sourceTree = "<group>"; };
		277B7D9A1C3B1BC10091759E /* Base */ = {isa = PBXFileReference; lastKnownFileType = file.storyboard; name = Base; path = Base.lproj/LaunchScreen.storyboard; sourceTree = "<group>"; };
		277B7D9C1C3B1BC10091759E /* Info.plist */ = {isa = PBXFileReference; lastKnownFileType = text.plist.xml; path = Info.plist; sourceTree = "<group>"; };
/* End PBXFileReference section */

/* Begin PBXFrameworksBuildPhase section */
		277B7D881C3B1BC10091759E /* Frameworks */ = {
			isa = PBXFrameworksBuildPhase;
			buildActionMask = 2147483647;
			files = (
			);
			runOnlyForDeploymentPostprocessing = 0;
		};
/* End PBXFrameworksBuildPhase section */

/* Begin PBXGroup section */
		277B7D821C3B1BC10091759E = {
			isa = PBXGroup;
			children = (
				277B7D8D1C3B1BC10091759E /* AllisonsCatPalaceSwift */,
				277B7D8C1C3B1BC10091759E /* Products */,
			);
			sourceTree = "<group>";
		};
		277B7D8C1C3B1BC10091759E /* Products */ = {
			isa = PBXGroup;
			children = (
				277B7D8B1C3B1BC10091759E /* AllisonsCatPalaceSwift.app */,
			);
			name = Products;
			sourceTree = "<group>";
		};
		277B7D8D1C3B1BC10091759E /* AllisonsCatPalaceSwift */ = {
			isa = PBXGroup;
			children = (
				277B7D8E1C3B1BC10091759E /* AppDelegate.swift */,
				277B7D901C3B1BC10091759E /* MasterViewController.swift */,
				277B7D921C3B1BC10091759E /* DetailViewController.swift */,
				277B7D941C3B1BC10091759E /* Main.storyboard */,
				277B7D971C3B1BC10091759E /* Assets.xcassets */,
				277B7D991C3B1BC10091759E /* LaunchScreen.storyboard */,
				277B7D9C1C3B1BC10091759E /* Info.plist */,
			);
			path = AllisonsCatPalaceSwift;
			sourceTree = "<group>";
		};
/* End PBXGroup section */

/* Begin PBXNativeTarget section */
		277B7D8A1C3B1BC10091759E /* AllisonsCatPalaceSwift */ = {
			isa = PBXNativeTarget;
			buildConfigurationList = 277B7D9F1C3B1BC10091759E /* Build configuration list for PBXNativeTarget "AllisonsCatPalaceSwift" */;
			buildPhases = (
				277B7D871C3B1BC10091759E /* Sources */,
				277B7D881C3B1BC10091759E /* Frameworks */,
				277B7D891C3B1BC10091759E /* Resources */,
			);
			buildRules = (
			);
			dependencies = (
			);
			name = AllisonsCatPalaceSwift;
			productName = AllisonsCatPalaceSwift;
			productReference = 277B7D8B1C3B1BC10091759E /* AllisonsCatPalaceSwift.app */;
			productType = "com.apple.product-type.application";
		};
/* End PBXNativeTarget section */

/* Begin PBXProject section */
		277B7D831C3B1BC10091759E /* Project object */ = {
			isa = PBXProject;
			attributes = {
				LastSwiftUpdateCheck = 0710;
				LastUpgradeCheck = 0710;
				ORGANIZATIONNAME = "Joe Susnick Co.";
				TargetAttributes = {
					277B7D8A1C3B1BC10091759E = {
						CreatedOnToolsVersion = 7.1.1;
					};
				};
			};
			buildConfigurationList = 277B7D861C3B1BC10091759E /* Build configuration list for PBXProject "AllisonsCatPalaceSwift" */;
			compatibilityVersion = "Xcode 3.2";
			developmentRegion = English;
			hasScannedForEncodings = 0;
			knownRegions = (
				en,
				Base,
			);
			mainGroup = 277B7D821C3B1BC10091759E;
			productRefGroup = 277B7D8C1C3B1BC10091759E /* Products */;
			projectDirPath = "";
			projectRoot = "";
			targets = (
				277B7D8A1C3B1BC10091759E /* AllisonsCatPalaceSwift */,
			);
		};
/* End PBXProject section */

/* Begin PBXResourcesBuildPhase section */
		277B7D891C3B1BC10091759E /* Resources */ = {
			isa = PBXResourcesBuildPhase;
			buildActionMask = 2147483647;
			files = (
				277B7D9B1C3B1BC10091759E /* LaunchScreen.storyboard in Resources */,
				277B7D981C3B1BC10091759E /* Assets.xcassets in Resources */,
				277B7D961C3B1BC10091759E /* Main.storyboard in Resources */,
			);
			runOnlyForDeploymentPostprocessing = 0;
		};
/* End PBXResourcesBuildPhase section */

/* Begin PBXSourcesBuildPhase section */
		277B7D871C3B1BC10091759E /* Sources */ = {
			isa = PBXSourcesBuildPhase;
			buildActionMask = 2147483647;
			files = (
				277B7D931C3B1BC10091759E /* DetailViewController.swift in Sources */,
				277B7D911C3B1BC10091759E /* MasterViewController.swift in Sources */,
				277B7D8F1C3B1BC10091759E /* AppDelegate.swift in Sources */,
			);
			runOnlyForDeploymentPostprocessing = 0;
		};
/* End PBXSourcesBuildPhase section */

/* Begin PBXVariantGroup section */
		277B7D941C3B1BC10091759E /* Main.storyboard */ = {
			isa = PBXVariantGroup;
			children = (
				277B7D951C3B1BC10091759E /* Base */,
			);
			name = Main.storyboard;
			sourceTree = "<group>";
		};
		277B7D991C3B1BC10091759E /* LaunchScreen.storyboard */ = {
			isa = PBXVariantGroup;
			children = (
				277B7D9A1C3B1BC10091759E /* Base */,
			);
			name = LaunchScreen.storyboard;
			sourceTree = "<group>";
		};
/* End PBXVariantGroup section */

/* Begin XCBuildConfiguration section */
		277B7D9D1C3B1BC10091759E /* Debug */ = {
			isa = XCBuildConfiguration;
			buildSettings = {
				ALWAYS_SEARCH_USER_PATHS = NO;
				CLANG_CXX_LANGUAGE_STANDARD = "gnu++0x";
				CLANG_CXX_LIBRARY = "libc++";
				CLANG_ENABLE_MODULES = YES;
				CLANG_ENABLE_OBJC_ARC = YES;
				CLANG_WARN_BOOL_CONVERSION = YES;
				CLANG_WARN_CONSTANT_CONVERSION = YES;
				CLANG_WARN_DIRECT_OBJC_ISA_USAGE = YES_ERROR;
				CLANG_WARN_EMPTY_BODY = YES;
				CLANG_WARN_ENUM_CONVERSION = YES;
				CLANG_WARN_INT_CONVERSION = YES;
				CLANG_WARN_OBJC_ROOT_CLASS = YES_ERROR;
				CLANG_WARN_UNREACHABLE_CODE = YES;
				CLANG_WARN__DUPLICATE_METHOD_MATCH = YES;
				"CODE_SIGN_IDENTITY[sdk=iphoneos*]" = "iPhone Developer";
				COPY_PHASE_STRIP = NO;
				DEBUG_INFORMATION_FORMAT = dwarf;
				ENABLE_STRICT_OBJC_MSGSEND = YES;
				ENABLE_TESTABILITY = YES;
				GCC_C_LANGUAGE_STANDARD = gnu99;
				GCC_DYNAMIC_NO_PIC = NO;
				GCC_NO_COMMON_BLOCKS = YES;
				GCC_OPTIMIZATION_LEVEL = 0;
				GCC_PREPROCESSOR_DEFINITIONS = (
					"DEBUG=1",
					"$(inherited)",
				);
				GCC_WARN_64_TO_32_BIT_CONVERSION = YES;
				GCC_WARN_ABOUT_RETURN_TYPE = YES_ERROR;
				GCC_WARN_UNDECLARED_SELECTOR = YES;
				GCC_WARN_UNINITIALIZED_AUTOS = YES_AGGRESSIVE;
				GCC_WARN_UNUSED_FUNCTION = YES;
				GCC_WARN_UNUSED_VARIABLE = YES;
				IPHONEOS_DEPLOYMENT_TARGET = 9.1;
				MTL_ENABLE_DEBUG_INFO = YES;
				ONLY_ACTIVE_ARCH = YES;
				SDKROOT = iphoneos;
				SWIFT_OPTIMIZATION_LEVEL = "-Onone";
			};
			name = Debug;
		};
		277B7D9E1C3B1BC10091759E /* Release */ = {
			isa = XCBuildConfiguration;
			buildSettings = {
				ALWAYS_SEARCH_USER_PATHS = NO;
				CLANG_CXX_LANGUAGE_STANDARD = "gnu++0x";
				CLANG_CXX_LIBRARY = "libc++";
				CLANG_ENABLE_MODULES = YES;
				CLANG_ENABLE_OBJC_ARC = YES;
				CLANG_WARN_BOOL_CONVERSION = YES;
				CLANG_WARN_CONSTANT_CONVERSION = YES;
				CLANG_WARN_DIRECT_OBJC_ISA_USAGE = YES_ERROR;
				CLANG_WARN_EMPTY_BODY = YES;
				CLANG_WARN_ENUM_CONVERSION = YES;
				CLANG_WARN_INT_CONVERSION = YES;
				CLANG_WARN_OBJC_ROOT_CLASS = YES_ERROR;
				CLANG_WARN_UNREACHABLE_CODE = YES;
				CLANG_WARN__DUPLICATE_METHOD_MATCH = YES;
				"CODE_SIGN_IDENTITY[sdk=iphoneos*]" = "iPhone Developer";
				COPY_PHASE_STRIP = NO;
				DEBUG_INFORMATION_FORMAT = "dwarf-with-dsym";
				ENABLE_NS_ASSERTIONS = NO;
				ENABLE_STRICT_OBJC_MSGSEND = YES;
				GCC_C_LANGUAGE_STANDARD = gnu99;
				GCC_NO_COMMON_BLOCKS = YES;
				GCC_WARN_64_TO_32_BIT_CONVERSION = YES;
				GCC_WARN_ABOUT_RETURN_TYPE = YES_ERROR;
				GCC_WARN_UNDECLARED_SELECTOR = YES;
				GCC_WARN_UNINITIALIZED_AUTOS = YES_AGGRESSIVE;
				GCC_WARN_UNUSED_FUNCTION = YES;
				GCC_WARN_UNUSED_VARIABLE = YES;
				IPHONEOS_DEPLOYMENT_TARGET = 9.1;
				MTL_ENABLE_DEBUG_INFO = NO;
				SDKROOT = iphoneos;
				VALIDATE_PRODUCT = YES;
			};
			name = Release;
		};
		277B7DA01C3B1BC10091759E /* Debug */ = {
			isa = XCBuildConfiguration;
			buildSettings = {
				ASSETCATALOG_COMPILER_APPICON_NAME = AppIcon;
				INFOPLIST_FILE = AllisonsCatPalaceSwift/Info.plist;
				LD_RUNPATH_SEARCH_PATHS = "$(inherited) @executable_path/Frameworks";
				PRODUCT_BUNDLE_IDENTIFIER = joesus.AllisonsCatPalaceSwift;
				PRODUCT_NAME = "$(TARGET_NAME)";
			};
			name = Debug;
		};
		277B7DA11C3B1BC10091759E /* Release */ = {
			isa = XCBuildConfiguration;
			buildSettings = {
				ASSETCATALOG_COMPILER_APPICON_NAME = AppIcon;
				INFOPLIST_FILE = AllisonsCatPalaceSwift/Info.plist;
				LD_RUNPATH_SEARCH_PATHS = "$(inherited) @executable_path/Frameworks";
				PRODUCT_BUNDLE_IDENTIFIER = joesus.AllisonsCatPalaceSwift;
				PRODUCT_NAME = "$(TARGET_NAME)";
			};
			name = Release;
		};
/* End XCBuildConfiguration section */

/* Begin XCConfigurationList section */
		277B7D861C3B1BC10091759E /* Build configuration list for PBXProject "AllisonsCatPalaceSwift" */ = {
			isa = XCConfigurationList;
			buildConfigurations = (
				277B7D9D1C3B1BC10091759E /* Debug */,
				277B7D9E1C3B1BC10091759E /* Release */,
			);
			defaultConfigurationIsVisible = 0;
			defaultConfigurationName = Release;
		};
		277B7D9F1C3B1BC10091759E /* Build configuration list for PBXNativeTarget "AllisonsCatPalaceSwift" */ = {
			isa = XCConfigurationList;
			buildConfigurations = (
				277B7DA01C3B1BC10091759E /* Debug */,
				277B7DA11C3B1BC10091759E /* Release */,
			);
			defaultConfigurationIsVisible = 0;
		};
/* End XCConfigurationList section */
	};
	rootObject = 277B7D831C3B1BC10091759E /* Project object */;
}
